
Microsoft Visual Studio Solution File, Format Version 12.00
# Visual Studio 14
VisualStudioVersion = 14.0.25420.1
MinimumVisualStudioVersion = 10.0.40219.1
Project("{FAE04EC0-301F-11D3-BF4B-00C04F79EFBC}") = "SoftCinema.Models", "SoftCinema.Models\SoftCinema.Models.csproj", "{5DB49B1A-E9F7-46B5-B7A8-08B01A567286}"
EndProject
Project("{FAE04EC0-301F-11D3-BF4B-00C04F79EFBC}") = "SoftCinema.Data", "SoftCinema.Data\SoftCinema.Data.csproj", "{A8A93D54-1B07-459E-8AB5-612778983210}"
EndProject
Project("{FAE04EC0-301F-11D3-BF4B-00C04F79EFBC}") = "SoftCinema.Client", "SoftCinema.Client\SoftCinema.Client.csproj", "{DAFAD576-299E-48CC-874F-1D1FF913FE03}"
EndProject
Project("{FAE04EC0-301F-11D3-BF4B-00C04F79EFBC}") = "SoftCinema.Services", "SoftCinema.Services\SoftCinema.Services.csproj", "{36F479F7-D99A-41F3-9143-7B3EC6AF1487}"
EndProject
Project("{FAE04EC0-301F-11D3-BF4B-00C04F79EFBC}") = "SoftCinema.DTOs", "SoftCinema.DTOs\SoftCinema.DTOs.csproj", "{115F8089-9BD3-4A64-AF7F-846A3331CAF6}"
EndProject
Project("{FAE04EC0-301F-11D3-BF4B-00C04F79EFBC}") = "SoftCinema.Import", "SoftCinema.Import\SoftCinema.Import.csproj", "{E00BB824-06E0-4D1D-8DCC-9C67E03ED8F0}"
EndProject
Project("{FAE04EC0-301F-11D3-BF4B-00C04F79EFBC}") = "SoftCinema.ImportServices", "SoftCinema.ImportServices\SoftCinema.ImportServices.csproj", "{584B4019-5AFF-4869-A1A6-89957657F74E}"
EndProject
Project("{FAE04EC0-301F-11D3-BF4B-00C04F79EFBC}") = "SoftCinema.ImportData", "SoftCinema.Test\SoftCinema.ImportData.csproj", "{D944A41F-CCAB-40A1-9356-17D01A6BC6F3}"
EndProject
Global
	GlobalSection(SolutionConfigurationPlatforms) = preSolution
		Debug|Any CPU = Debug|Any CPU
		Release|Any CPU = Release|Any CPU
	EndGlobalSection
	GlobalSection(ProjectConfigurationPlatforms) = postSolution
		{5DB49B1A-E9F7-46B5-B7A8-08B01A567286}.Debug|Any CPU.ActiveCfg = Debug|Any CPU
		{5DB49B1A-E9F7-46B5-B7A8-08B01A567286}.Debug|Any CPU.Build.0 = Debug|Any CPU
		{5DB49B1A-E9F7-46B5-B7A8-08B01A567286}.Release|Any CPU.ActiveCfg = Release|Any CPU
		{5DB49B1A-E9F7-46B5-B7A8-08B01A567286}.Release|Any CPU.Build.0 = Release|Any CPU
		{A8A93D54-1B07-459E-8AB5-612778983210}.Debug|Any CPU.ActiveCfg = Debug|Any CPU
		{A8A93D54-1B07-459E-8AB5-612778983210}.Debug|Any CPU.Build.0 = Debug|Any CPU
		{A8A93D54-1B07-459E-8AB5-612778983210}.Release|Any CPU.ActiveCfg = Release|Any CPU
		{A8A93D54-1B07-459E-8AB5-612778983210}.Release|Any CPU.Build.0 = Release|Any CPU
		{DAFAD576-299E-48CC-874F-1D1FF913FE03}.Debug|Any CPU.ActiveCfg = Debug|Any CPU
		{DAFAD576-299E-48CC-874F-1D1FF913FE03}.Debug|Any CPU.Build.0 = Debug|Any CPU
		{DAFAD576-299E-48CC-874F-1D1FF913FE03}.Release|Any CPU.ActiveCfg = Release|Any CPU
		{DAFAD576-299E-48CC-874F-1D1FF913FE03}.Release|Any CPU.Build.0 = Release|Any CPU
		{36F479F7-D99A-41F3-9143-7B3EC6AF1487}.Debug|Any CPU.ActiveCfg = Debug|Any CPU
		{36F479F7-D99A-41F3-9143-7B3EC6AF1487}.Debug|Any CPU.Build.0 = Debug|Any CPU
		{36F479F7-D99A-41F3-9143-7B3EC6AF1487}.Release|Any CPU.ActiveCfg = Release|Any CPU
		{36F479F7-D99A-41F3-9143-7B3EC6AF1487}.Release|Any CPU.Build.0 = Release|Any CPU
		{115F8089-9BD3-4A64-AF7F-846A3331CAF6}.Debug|Any CPU.ActiveCfg = Debug|Any CPU
		{115F8089-9BD3-4A64-AF7F-846A3331CAF6}.Debug|Any CPU.Build.0 = Debug|Any CPU
		{115F8089-9BD3-4A64-AF7F-846A3331CAF6}.Release|Any CPU.ActiveCfg = Release|Any CPU
		{115F8089-9BD3-4A64-AF7F-846A3331CAF6}.Release|Any CPU.Build.0 = Release|Any CPU
		{E00BB824-06E0-4D1D-8DCC-9C67E03ED8F0}.Debug|Any CPU.ActiveCfg = Debug|Any CPU
		{E00BB824-06E0-4D1D-8DCC-9C67E03ED8F0}.Debug|Any CPU.Build.0 = Debug|Any CPU
		{E00BB824-06E0-4D1D-8DCC-9C67E03ED8F0}.Release|Any CPU.ActiveCfg = Release|Any CPU
		{E00BB824-06E0-4D1D-8DCC-9C67E03ED8F0}.Release|Any CPU.Build.0 = Release|Any CPU
		{584B4019-5AFF-4869-A1A6-89957657F74E}.Debug|Any CPU.ActiveCfg = Debug|Any CPU
		{584B4019-5AFF-4869-A1A6-89957657F74E}.Debug|Any CPU.Build.0 = Debug|Any CPU
		{584B4019-5AFF-4869-A1A6-89957657F74E}.Release|Any CPU.ActiveCfg = Release|Any CPU
		{584B4019-5AFF-4869-A1A6-89957657F74E}.Release|Any CPU.Build.0 = Release|Any CPU
		{D944A41F-CCAB-40A1-9356-17D01A6BC6F3}.Debug|Any CPU.ActiveCfg = Debug|Any CPU
		{D944A41F-CCAB-40A1-9356-17D01A6BC6F3}.Debug|Any CPU.Build.0 = Debug|Any CPU
		{D944A41F-CCAB-40A1-9356-17D01A6BC6F3}.Release|Any CPU.ActiveCfg = Release|Any CPU
		{D944A41F-CCAB-40A1-9356-17D01A6BC6F3}.Release|Any CPU.Build.0 = Release|Any CPU
	EndGlobalSection
	GlobalSection(SolutionProperties) = preSolution
		HideSolutionNode = FALSE
	EndGlobalSection
EndGlobal
